
Microsoft Visual Studio Solution File, Format Version 12.00
# Visual Studio Version 17
VisualStudioVersion = 17.11.35312.102
MinimumVisualStudioVersion = 10.0.40219.1
Project("{FAE04EC0-301F-11D3-BF4B-00C04F79EFBC}") = "MyAspShop", "MyAspShop\MyAspShop.csproj", "{69BD21C4-682D-4852-996D-C3EC54AEDFCD}"
EndProject
Global
	GlobalSection(SolutionConfigurationPlatforms) = preSolution
		Debug|Any CPU = Debug|Any CPU
		Release|Any CPU = Release|Any CPU
	EndGlobalSection
	GlobalSection(ProjectConfigurationPlatforms) = postSolution
		{69BD21C4-682D-4852-996D-C3EC54AEDFCD}.Debug|Any CPU.ActiveCfg = Debug|Any CPU
		{69BD21C4-682D-4852-996D-C3EC54AEDFCD}.Debug|Any CPU.Build.0 = Debug|Any CPU
		{69BD21C4-682D-4852-996D-C3EC54AEDFCD}.Release|Any CPU.ActiveCfg = Release|Any CPU
		{69BD21C4-682D-4852-996D-C3EC54AEDFCD}.Release|Any CPU.Build.0 = Release|Any CPU
	EndGlobalSection
	GlobalSection(SolutionProperties) = preSolution
		HideSolutionNode = FALSE
	EndGlobalSection
	GlobalSection(ExtensibilityGlobals) = postSolution
		SolutionGuid = {5B0E1099-BD55-4257-840C-F174053EDAA4}
	EndGlobalSection
EndGlobal
